
Microsoft Visual Studio Solution File, Format Version 12.00
# Visual Studio 2012
Project("{FAE04EC0-301F-11D3-BF4B-00C04F79EFBC}") = "LonelyTreeExam", "LonelyTreeExam\LonelyTreeExam.csproj", "{BE8B3CE1-124F-4FD7-B88E-E4FA32C07128}"
EndProject
Project("{FAE04EC0-301F-11D3-BF4B-00C04F79EFBC}") = "Common", "Common\Common.csproj", "{DC8EF77F-9BFC-4D77-950D-AB7D6F2BCFDC}"
EndProject
Project("{FAE04EC0-301F-11D3-BF4B-00C04F79EFBC}") = "Domain", "Domain\Domain.csproj", "{EA3F398C-5FB2-4D1B-9176-7B059C7123AA}"
EndProject
Project("{FAE04EC0-301F-11D3-BF4B-00C04F79EFBC}") = "DataAccess", "DataAccess\DataAccess.csproj", "{B3012458-DE0B-4A63-902C-84F2AAB110C5}"
EndProject
Project("{FAE04EC0-301F-11D3-BF4B-00C04F79EFBC}") = "UnitTestProject", "UnitTestProject\UnitTestProject.csproj", "{C6B67904-4930-4ED1-82CD-870F019CE473}"
EndProject
Global
	GlobalSection(SolutionConfigurationPlatforms) = preSolution
		Debug|Any CPU = Debug|Any CPU
		Release|Any CPU = Release|Any CPU
	EndGlobalSection
	GlobalSection(ProjectConfigurationPlatforms) = postSolution
		{BE8B3CE1-124F-4FD7-B88E-E4FA32C07128}.Debug|Any CPU.ActiveCfg = Debug|Any CPU
		{BE8B3CE1-124F-4FD7-B88E-E4FA32C07128}.Debug|Any CPU.Build.0 = Debug|Any CPU
		{BE8B3CE1-124F-4FD7-B88E-E4FA32C07128}.Release|Any CPU.ActiveCfg = Release|Any CPU
		{BE8B3CE1-124F-4FD7-B88E-E4FA32C07128}.Release|Any CPU.Build.0 = Release|Any CPU
		{DC8EF77F-9BFC-4D77-950D-AB7D6F2BCFDC}.Debug|Any CPU.ActiveCfg = Debug|Any CPU
		{DC8EF77F-9BFC-4D77-950D-AB7D6F2BCFDC}.Debug|Any CPU.Build.0 = Debug|Any CPU
		{DC8EF77F-9BFC-4D77-950D-AB7D6F2BCFDC}.Release|Any CPU.ActiveCfg = Release|Any CPU
		{DC8EF77F-9BFC-4D77-950D-AB7D6F2BCFDC}.Release|Any CPU.Build.0 = Release|Any CPU
		{EA3F398C-5FB2-4D1B-9176-7B059C7123AA}.Debug|Any CPU.ActiveCfg = Debug|Any CPU
		{EA3F398C-5FB2-4D1B-9176-7B059C7123AA}.Debug|Any CPU.Build.0 = Debug|Any CPU
		{EA3F398C-5FB2-4D1B-9176-7B059C7123AA}.Release|Any CPU.ActiveCfg = Release|Any CPU
		{EA3F398C-5FB2-4D1B-9176-7B059C7123AA}.Release|Any CPU.Build.0 = Release|Any CPU
		{B3012458-DE0B-4A63-902C-84F2AAB110C5}.Debug|Any CPU.ActiveCfg = Debug|Any CPU
		{B3012458-DE0B-4A63-902C-84F2AAB110C5}.Debug|Any CPU.Build.0 = Debug|Any CPU
		{B3012458-DE0B-4A63-902C-84F2AAB110C5}.Release|Any CPU.ActiveCfg = Release|Any CPU
		{B3012458-DE0B-4A63-902C-84F2AAB110C5}.Release|Any CPU.Build.0 = Release|Any CPU
		{C6B67904-4930-4ED1-82CD-870F019CE473}.Debug|Any CPU.ActiveCfg = Debug|Any CPU
		{C6B67904-4930-4ED1-82CD-870F019CE473}.Debug|Any CPU.Build.0 = Debug|Any CPU
		{C6B67904-4930-4ED1-82CD-870F019CE473}.Release|Any CPU.ActiveCfg = Release|Any CPU
		{C6B67904-4930-4ED1-82CD-870F019CE473}.Release|Any CPU.Build.0 = Release|Any CPU
	EndGlobalSection
	GlobalSection(SolutionProperties) = preSolution
		HideSolutionNode = FALSE
	EndGlobalSection
EndGlobal
